
Microsoft Visual Studio Solution File, Format Version 11.00
# Visual Studio 2010
Project("{FAE04EC0-301F-11D3-BF4B-00C04F79EFBC}") = "AI_.Studmix.WebApplication", "AI_.Studmix.WebApplication\AI_.Studmix.WebApplication.csproj", "{3E226B5B-B15F-4A58-8521-CF7522DD0568}"
EndProject
Project("{2150E333-8FDC-42A3-9474-1A3956D46DE8}") = "1. Application", "1. Application", "{681FF81A-E354-40E6-9E6F-FA67AA6B18F3}"
EndProject
Project("{2150E333-8FDC-42A3-9474-1A3956D46DE8}") = "2. Framework", "2. Framework", "{2F9EDD2D-F6BE-499A-8BD3-86863F893E6E}"
EndProject
Project("{2150E333-8FDC-42A3-9474-1A3956D46DE8}") = "3. Tests", "3. Tests", "{C90D2127-2721-4612-BD25-854A2984C8FD}"
EndProject
Project("{FAE04EC0-301F-11D3-BF4B-00C04F79EFBC}") = "AI_.Studmix.WebApplication.Tests", "AI_.Studmix.WebApplication.Tests\AI_.Studmix.WebApplication.Tests.csproj", "{2995E2BE-D2B6-4424-82E5-0C114F837409}"
EndProject
Project("{FAE04EC0-301F-11D3-BF4B-00C04F79EFBC}") = "Studmix", "..\studmixOld\Studmix.csproj", "{7F5B7E1A-F00C-4DB0-BD2D-1AEFE82C059E}"
EndProject
Global
	GlobalSection(SolutionConfigurationPlatforms) = preSolution
		Debug|Any CPU = Debug|Any CPU
		Release|Any CPU = Release|Any CPU
	EndGlobalSection
	GlobalSection(ProjectConfigurationPlatforms) = postSolution
		{3E226B5B-B15F-4A58-8521-CF7522DD0568}.Debug|Any CPU.ActiveCfg = Debug|Any CPU
		{3E226B5B-B15F-4A58-8521-CF7522DD0568}.Debug|Any CPU.Build.0 = Debug|Any CPU
		{3E226B5B-B15F-4A58-8521-CF7522DD0568}.Release|Any CPU.ActiveCfg = Release|Any CPU
		{3E226B5B-B15F-4A58-8521-CF7522DD0568}.Release|Any CPU.Build.0 = Release|Any CPU
		{2995E2BE-D2B6-4424-82E5-0C114F837409}.Debug|Any CPU.ActiveCfg = Debug|Any CPU
		{2995E2BE-D2B6-4424-82E5-0C114F837409}.Debug|Any CPU.Build.0 = Debug|Any CPU
		{2995E2BE-D2B6-4424-82E5-0C114F837409}.Release|Any CPU.ActiveCfg = Release|Any CPU
		{2995E2BE-D2B6-4424-82E5-0C114F837409}.Release|Any CPU.Build.0 = Release|Any CPU
		{7F5B7E1A-F00C-4DB0-BD2D-1AEFE82C059E}.Debug|Any CPU.ActiveCfg = Debug|Any CPU
		{7F5B7E1A-F00C-4DB0-BD2D-1AEFE82C059E}.Debug|Any CPU.Build.0 = Debug|Any CPU
		{7F5B7E1A-F00C-4DB0-BD2D-1AEFE82C059E}.Release|Any CPU.ActiveCfg = Release|Any CPU
		{7F5B7E1A-F00C-4DB0-BD2D-1AEFE82C059E}.Release|Any CPU.Build.0 = Release|Any CPU
	EndGlobalSection
	GlobalSection(SolutionProperties) = preSolution
		HideSolutionNode = FALSE
	EndGlobalSection
	GlobalSection(NestedProjects) = preSolution
		{3E226B5B-B15F-4A58-8521-CF7522DD0568} = {681FF81A-E354-40E6-9E6F-FA67AA6B18F3}
		{2995E2BE-D2B6-4424-82E5-0C114F837409} = {C90D2127-2721-4612-BD25-854A2984C8FD}
	EndGlobalSection
EndGlobal
