
Microsoft Visual Studio Solution File, Format Version 11.00
# Visual Studio 2010
Project("{FAE04EC0-301F-11D3-BF4B-00C04F79EFBC}") = "AI_.Studmix.WebApplication", "AI_.Studmix.WebApplication\AI_.Studmix.WebApplication.csproj", "{3E226B5B-B15F-4A58-8521-CF7522DD0568}"
EndProject
Project("{2150E333-8FDC-42A3-9474-1A3956D46DE8}") = "1. Application", "1. Application", "{681FF81A-E354-40E6-9E6F-FA67AA6B18F3}"
EndProject
Project("{2150E333-8FDC-42A3-9474-1A3956D46DE8}") = "3. Framework", "3. Framework", "{2F9EDD2D-F6BE-499A-8BD3-86863F893E6E}"
EndProject
Project("{2150E333-8FDC-42A3-9474-1A3956D46DE8}") = "4. Tests", "4. Tests", "{C90D2127-2721-4612-BD25-854A2984C8FD}"
EndProject
Project("{FAE04EC0-301F-11D3-BF4B-00C04F79EFBC}") = "AI_.Studmix.WebApplication.Tests", "AI_.Studmix.WebApplication.Tests\AI_.Studmix.WebApplication.Tests.csproj", "{2995E2BE-D2B6-4424-82E5-0C114F837409}"
EndProject
Project("{FAE04EC0-301F-11D3-BF4B-00C04F79EFBC}") = "Studmix", "..\studmixOld\Studmix.csproj", "{7F5B7E1A-F00C-4DB0-BD2D-1AEFE82C059E}"
EndProject
Project("{FAE04EC0-301F-11D3-BF4B-00C04F79EFBC}") = "AI_.Security", "AI_.Security\AI_.Security.csproj", "{7EB7BBAE-6081-47CE-B829-35B03CCA6AB2}"
EndProject
Project("{FAE04EC0-301F-11D3-BF4B-00C04F79EFBC}") = "AI_.Security.Tests", "AI_.Security.Tests\AI_.Security.Tests.csproj", "{B3B53467-BD87-4CBF-9CC0-29F74854F17B}"
EndProject
Project("{FAE04EC0-301F-11D3-BF4B-00C04F79EFBC}") = "AI_.Data", "AI_.Data\AI_.Data.csproj", "{470062CF-2970-4CC2-8F66-665D2DB88562}"
EndProject
Project("{2150E333-8FDC-42A3-9474-1A3956D46DE8}") = "2.Model", "2.Model", "{4E926849-FCA4-40BE-9103-D38E4783608A}"
EndProject
Project("{FAE04EC0-301F-11D3-BF4B-00C04F79EFBC}") = "AI_.Studmix.Model", "AI_.Studmix.Model\AI_.Studmix.Model.csproj", "{7C691C3C-FBE4-4F02-92C0-342FF87584E8}"
EndProject
Global
	GlobalSection(SolutionConfigurationPlatforms) = preSolution
		Debug|Any CPU = Debug|Any CPU
		Release|Any CPU = Release|Any CPU
	EndGlobalSection
	GlobalSection(ProjectConfigurationPlatforms) = postSolution
		{3E226B5B-B15F-4A58-8521-CF7522DD0568}.Debug|Any CPU.ActiveCfg = Debug|Any CPU
		{3E226B5B-B15F-4A58-8521-CF7522DD0568}.Debug|Any CPU.Build.0 = Debug|Any CPU
		{3E226B5B-B15F-4A58-8521-CF7522DD0568}.Release|Any CPU.ActiveCfg = Release|Any CPU
		{3E226B5B-B15F-4A58-8521-CF7522DD0568}.Release|Any CPU.Build.0 = Release|Any CPU
		{2995E2BE-D2B6-4424-82E5-0C114F837409}.Debug|Any CPU.ActiveCfg = Debug|Any CPU
		{2995E2BE-D2B6-4424-82E5-0C114F837409}.Debug|Any CPU.Build.0 = Debug|Any CPU
		{2995E2BE-D2B6-4424-82E5-0C114F837409}.Release|Any CPU.ActiveCfg = Release|Any CPU
		{2995E2BE-D2B6-4424-82E5-0C114F837409}.Release|Any CPU.Build.0 = Release|Any CPU
		{7F5B7E1A-F00C-4DB0-BD2D-1AEFE82C059E}.Debug|Any CPU.ActiveCfg = Debug|Any CPU
		{7F5B7E1A-F00C-4DB0-BD2D-1AEFE82C059E}.Debug|Any CPU.Build.0 = Debug|Any CPU
		{7F5B7E1A-F00C-4DB0-BD2D-1AEFE82C059E}.Release|Any CPU.ActiveCfg = Release|Any CPU
		{7F5B7E1A-F00C-4DB0-BD2D-1AEFE82C059E}.Release|Any CPU.Build.0 = Release|Any CPU
		{7EB7BBAE-6081-47CE-B829-35B03CCA6AB2}.Debug|Any CPU.ActiveCfg = Debug|Any CPU
		{7EB7BBAE-6081-47CE-B829-35B03CCA6AB2}.Debug|Any CPU.Build.0 = Debug|Any CPU
		{7EB7BBAE-6081-47CE-B829-35B03CCA6AB2}.Release|Any CPU.ActiveCfg = Release|Any CPU
		{7EB7BBAE-6081-47CE-B829-35B03CCA6AB2}.Release|Any CPU.Build.0 = Release|Any CPU
		{B3B53467-BD87-4CBF-9CC0-29F74854F17B}.Debug|Any CPU.ActiveCfg = Debug|Any CPU
		{B3B53467-BD87-4CBF-9CC0-29F74854F17B}.Debug|Any CPU.Build.0 = Debug|Any CPU
		{B3B53467-BD87-4CBF-9CC0-29F74854F17B}.Release|Any CPU.ActiveCfg = Release|Any CPU
		{B3B53467-BD87-4CBF-9CC0-29F74854F17B}.Release|Any CPU.Build.0 = Release|Any CPU
		{470062CF-2970-4CC2-8F66-665D2DB88562}.Debug|Any CPU.ActiveCfg = Debug|Any CPU
		{470062CF-2970-4CC2-8F66-665D2DB88562}.Debug|Any CPU.Build.0 = Debug|Any CPU
		{470062CF-2970-4CC2-8F66-665D2DB88562}.Release|Any CPU.ActiveCfg = Release|Any CPU
		{470062CF-2970-4CC2-8F66-665D2DB88562}.Release|Any CPU.Build.0 = Release|Any CPU
		{7C691C3C-FBE4-4F02-92C0-342FF87584E8}.Debug|Any CPU.ActiveCfg = Debug|Any CPU
		{7C691C3C-FBE4-4F02-92C0-342FF87584E8}.Debug|Any CPU.Build.0 = Debug|Any CPU
		{7C691C3C-FBE4-4F02-92C0-342FF87584E8}.Release|Any CPU.ActiveCfg = Release|Any CPU
		{7C691C3C-FBE4-4F02-92C0-342FF87584E8}.Release|Any CPU.Build.0 = Release|Any CPU
	EndGlobalSection
	GlobalSection(SolutionProperties) = preSolution
		HideSolutionNode = FALSE
	EndGlobalSection
	GlobalSection(NestedProjects) = preSolution
		{3E226B5B-B15F-4A58-8521-CF7522DD0568} = {681FF81A-E354-40E6-9E6F-FA67AA6B18F3}
		{7EB7BBAE-6081-47CE-B829-35B03CCA6AB2} = {2F9EDD2D-F6BE-499A-8BD3-86863F893E6E}
		{470062CF-2970-4CC2-8F66-665D2DB88562} = {2F9EDD2D-F6BE-499A-8BD3-86863F893E6E}
		{2995E2BE-D2B6-4424-82E5-0C114F837409} = {C90D2127-2721-4612-BD25-854A2984C8FD}
		{B3B53467-BD87-4CBF-9CC0-29F74854F17B} = {C90D2127-2721-4612-BD25-854A2984C8FD}
		{7C691C3C-FBE4-4F02-92C0-342FF87584E8} = {4E926849-FCA4-40BE-9103-D38E4783608A}
	EndGlobalSection
EndGlobal
