
Microsoft Visual Studio Solution File, Format Version 11.00
# Visual Studio 2010
Project("{FAE04EC0-301F-11D3-BF4B-00C04F79EFBC}") = "AI_.Studmix.WebApplication", "AI_.Studmix.WebApplication\AI_.Studmix.WebApplication.csproj", "{3E226B5B-B15F-4A58-8521-CF7522DD0568}"
EndProject
Project("{2150E333-8FDC-42A3-9474-1A3956D46DE8}") = "1. Application", "1. Application", "{681FF81A-E354-40E6-9E6F-FA67AA6B18F3}"
EndProject
Project("{2150E333-8FDC-42A3-9474-1A3956D46DE8}") = "3. Framework", "3. Framework", "{2F9EDD2D-F6BE-499A-8BD3-86863F893E6E}"
EndProject
Project("{2150E333-8FDC-42A3-9474-1A3956D46DE8}") = "4. Tests", "4. Tests", "{C90D2127-2721-4612-BD25-854A2984C8FD}"
EndProject
Project("{FAE04EC0-301F-11D3-BF4B-00C04F79EFBC}") = "AI_.Studmix.WebApplication.Tests", "AI_.Studmix.WebApplication.Tests\AI_.Studmix.WebApplication.Tests.csproj", "{2995E2BE-D2B6-4424-82E5-0C114F837409}"
EndProject
Project("{FAE04EC0-301F-11D3-BF4B-00C04F79EFBC}") = "Studmix", "..\studmixOld\Studmix.csproj", "{7F5B7E1A-F00C-4DB0-BD2D-1AEFE82C059E}"
EndProject
Project("{FAE04EC0-301F-11D3-BF4B-00C04F79EFBC}") = "AI_.Data", "AI_.Data\AI_.Data.csproj", "{470062CF-2970-4CC2-8F66-665D2DB88562}"
EndProject
Project("{2150E333-8FDC-42A3-9474-1A3956D46DE8}") = "2.BusinessLogic", "2.BusinessLogic", "{4E926849-FCA4-40BE-9103-D38E4783608A}"
EndProject
Project("{FAE04EC0-301F-11D3-BF4B-00C04F79EFBC}") = "AI_.Studmix.Domain", "AI_.Studmix.Domain\AI_.Studmix.Domain.csproj", "{E48D109E-5DA2-44B2-8CFA-925E586A47E4}"
EndProject
Project("{FAE04EC0-301F-11D3-BF4B-00C04F79EFBC}") = "AI_.Studmix.Infrastructure", "AI_.Studmix.Infrastructure\AI_.Studmix.Infrastructure.csproj", "{5C8131D7-565C-458B-8305-ED83E1A34341}"
EndProject
Project("{FAE04EC0-301F-11D3-BF4B-00C04F79EFBC}") = "AI_.Studmix.Domain.Tests", "AI_.Studmix.Domain.Tests\AI_.Studmix.Domain.Tests.csproj", "{CF0B127D-2E1C-4103-B0B0-3875E2932233}"
EndProject
Project("{FAE04EC0-301F-11D3-BF4B-00C04F79EFBC}") = "AI_.Studmix.ApplicationServices", "AI_.Studmix.ApplicationServices\AI_.Studmix.ApplicationServices.csproj", "{182AD66D-8E0E-4500-97AD-65CE190C467E}"
EndProject
Project("{FAE04EC0-301F-11D3-BF4B-00C04F79EFBC}") = "AI_.Studmix.ApplicationServices.Tests", "AI_.Studmix.ApplicationServices.Tests\AI_.Studmix.ApplicationServices.Tests.csproj", "{9D2581E4-EE19-42FE-A0F8-4CC017A34DE5}"
EndProject
Global
	GlobalSection(SolutionConfigurationPlatforms) = preSolution
		Debug|Any CPU = Debug|Any CPU
		Release|Any CPU = Release|Any CPU
	EndGlobalSection
	GlobalSection(ProjectConfigurationPlatforms) = postSolution
		{3E226B5B-B15F-4A58-8521-CF7522DD0568}.Debug|Any CPU.ActiveCfg = Debug|Any CPU
		{3E226B5B-B15F-4A58-8521-CF7522DD0568}.Debug|Any CPU.Build.0 = Debug|Any CPU
		{3E226B5B-B15F-4A58-8521-CF7522DD0568}.Release|Any CPU.ActiveCfg = Release|Any CPU
		{3E226B5B-B15F-4A58-8521-CF7522DD0568}.Release|Any CPU.Build.0 = Release|Any CPU
		{2995E2BE-D2B6-4424-82E5-0C114F837409}.Debug|Any CPU.ActiveCfg = Debug|Any CPU
		{2995E2BE-D2B6-4424-82E5-0C114F837409}.Debug|Any CPU.Build.0 = Debug|Any CPU
		{2995E2BE-D2B6-4424-82E5-0C114F837409}.Release|Any CPU.ActiveCfg = Release|Any CPU
		{2995E2BE-D2B6-4424-82E5-0C114F837409}.Release|Any CPU.Build.0 = Release|Any CPU
		{7F5B7E1A-F00C-4DB0-BD2D-1AEFE82C059E}.Debug|Any CPU.ActiveCfg = Debug|Any CPU
		{7F5B7E1A-F00C-4DB0-BD2D-1AEFE82C059E}.Debug|Any CPU.Build.0 = Debug|Any CPU
		{7F5B7E1A-F00C-4DB0-BD2D-1AEFE82C059E}.Release|Any CPU.ActiveCfg = Release|Any CPU
		{7F5B7E1A-F00C-4DB0-BD2D-1AEFE82C059E}.Release|Any CPU.Build.0 = Release|Any CPU
		{470062CF-2970-4CC2-8F66-665D2DB88562}.Debug|Any CPU.ActiveCfg = Debug|Any CPU
		{470062CF-2970-4CC2-8F66-665D2DB88562}.Debug|Any CPU.Build.0 = Debug|Any CPU
		{470062CF-2970-4CC2-8F66-665D2DB88562}.Release|Any CPU.ActiveCfg = Release|Any CPU
		{470062CF-2970-4CC2-8F66-665D2DB88562}.Release|Any CPU.Build.0 = Release|Any CPU
		{E48D109E-5DA2-44B2-8CFA-925E586A47E4}.Debug|Any CPU.ActiveCfg = Debug|Any CPU
		{E48D109E-5DA2-44B2-8CFA-925E586A47E4}.Debug|Any CPU.Build.0 = Debug|Any CPU
		{E48D109E-5DA2-44B2-8CFA-925E586A47E4}.Release|Any CPU.ActiveCfg = Release|Any CPU
		{E48D109E-5DA2-44B2-8CFA-925E586A47E4}.Release|Any CPU.Build.0 = Release|Any CPU
		{5C8131D7-565C-458B-8305-ED83E1A34341}.Debug|Any CPU.ActiveCfg = Debug|Any CPU
		{5C8131D7-565C-458B-8305-ED83E1A34341}.Debug|Any CPU.Build.0 = Debug|Any CPU
		{5C8131D7-565C-458B-8305-ED83E1A34341}.Release|Any CPU.ActiveCfg = Release|Any CPU
		{5C8131D7-565C-458B-8305-ED83E1A34341}.Release|Any CPU.Build.0 = Release|Any CPU
		{CF0B127D-2E1C-4103-B0B0-3875E2932233}.Debug|Any CPU.ActiveCfg = Debug|Any CPU
		{CF0B127D-2E1C-4103-B0B0-3875E2932233}.Debug|Any CPU.Build.0 = Debug|Any CPU
		{CF0B127D-2E1C-4103-B0B0-3875E2932233}.Release|Any CPU.ActiveCfg = Release|Any CPU
		{CF0B127D-2E1C-4103-B0B0-3875E2932233}.Release|Any CPU.Build.0 = Release|Any CPU
		{182AD66D-8E0E-4500-97AD-65CE190C467E}.Debug|Any CPU.ActiveCfg = Debug|Any CPU
		{182AD66D-8E0E-4500-97AD-65CE190C467E}.Debug|Any CPU.Build.0 = Debug|Any CPU
		{182AD66D-8E0E-4500-97AD-65CE190C467E}.Release|Any CPU.ActiveCfg = Release|Any CPU
		{182AD66D-8E0E-4500-97AD-65CE190C467E}.Release|Any CPU.Build.0 = Release|Any CPU
		{9D2581E4-EE19-42FE-A0F8-4CC017A34DE5}.Debug|Any CPU.ActiveCfg = Debug|Any CPU
		{9D2581E4-EE19-42FE-A0F8-4CC017A34DE5}.Debug|Any CPU.Build.0 = Debug|Any CPU
		{9D2581E4-EE19-42FE-A0F8-4CC017A34DE5}.Release|Any CPU.ActiveCfg = Release|Any CPU
		{9D2581E4-EE19-42FE-A0F8-4CC017A34DE5}.Release|Any CPU.Build.0 = Release|Any CPU
	EndGlobalSection
	GlobalSection(SolutionProperties) = preSolution
		HideSolutionNode = FALSE
	EndGlobalSection
	GlobalSection(NestedProjects) = preSolution
		{3E226B5B-B15F-4A58-8521-CF7522DD0568} = {681FF81A-E354-40E6-9E6F-FA67AA6B18F3}
		{470062CF-2970-4CC2-8F66-665D2DB88562} = {2F9EDD2D-F6BE-499A-8BD3-86863F893E6E}
		{2995E2BE-D2B6-4424-82E5-0C114F837409} = {C90D2127-2721-4612-BD25-854A2984C8FD}
		{CF0B127D-2E1C-4103-B0B0-3875E2932233} = {C90D2127-2721-4612-BD25-854A2984C8FD}
		{9D2581E4-EE19-42FE-A0F8-4CC017A34DE5} = {C90D2127-2721-4612-BD25-854A2984C8FD}
		{E48D109E-5DA2-44B2-8CFA-925E586A47E4} = {4E926849-FCA4-40BE-9103-D38E4783608A}
		{5C8131D7-565C-458B-8305-ED83E1A34341} = {4E926849-FCA4-40BE-9103-D38E4783608A}
		{182AD66D-8E0E-4500-97AD-65CE190C467E} = {4E926849-FCA4-40BE-9103-D38E4783608A}
	EndGlobalSection
EndGlobal
